
Microsoft Visual Studio Solution File, Format Version 12.00
# Visual Studio Version 17
VisualStudioVersion = 17.9.34622.214
MinimumVisualStudioVersion = 10.0.40219.1
Project("{9A19103F-16F7-4668-BE54-9A1E7A4F7556}") = "HtmxTodo.WebApp", "HtmxTodo.WebApp\HtmxTodo.WebApp.csproj", "{A72C1E62-C039-4334-B78B-CA974A19744E}"
EndProject
Project("{9A19103F-16F7-4668-BE54-9A1E7A4F7556}") = "HtmxTodo.WebApi", "HtmxTodo.WebApi\HtmxTodo.WebApi.csproj", "{10495438-10C7-48D4-A67A-6E1EE2779773}"
EndProject
Global
	GlobalSection(SolutionConfigurationPlatforms) = preSolution
		Debug|Any CPU = Debug|Any CPU
		Release|Any CPU = Release|Any CPU
	EndGlobalSection
	GlobalSection(ProjectConfigurationPlatforms) = postSolution
		{A72C1E62-C039-4334-B78B-CA974A19744E}.Debug|Any CPU.ActiveCfg = Debug|Any CPU
		{A72C1E62-C039-4334-B78B-CA974A19744E}.Release|Any CPU.ActiveCfg = Release|Any CPU
		{A72C1E62-C039-4334-B78B-CA974A19744E}.Release|Any CPU.Build.0 = Release|Any CPU
		{10495438-10C7-48D4-A67A-6E1EE2779773}.Debug|Any CPU.ActiveCfg = Debug|Any CPU
		{10495438-10C7-48D4-A67A-6E1EE2779773}.Debug|Any CPU.Build.0 = Debug|Any CPU
		{10495438-10C7-48D4-A67A-6E1EE2779773}.Release|Any CPU.ActiveCfg = Release|Any CPU
		{10495438-10C7-48D4-A67A-6E1EE2779773}.Release|Any CPU.Build.0 = Release|Any CPU
	EndGlobalSection
	GlobalSection(SolutionProperties) = preSolution
		HideSolutionNode = FALSE
	EndGlobalSection
	GlobalSection(ExtensibilityGlobals) = postSolution
		SolutionGuid = {6D9DDD5D-CEBA-42E9-8DFB-02CC28913548}
	EndGlobalSection
EndGlobal
